
Microsoft Visual Studio Solution File, Format Version 12.00
# Visual Studio 15
VisualStudioVersion = 15.0.26124.0
MinimumVisualStudioVersion = 15.0.26124.0
Project("{FAE04EC0-301F-11D3-BF4B-00C04F79EFBC}") = "QLTV", "QLTV\QLTV.csproj", "{E8F629DB-43A3-4233-9F6F-050700A0246B}"
EndProject
Project("{FAE04EC0-301F-11D3-BF4B-00C04F79EFBC}") = "Application", "Application\Application.csproj", "{B9153E7A-020B-46D7-99CB-3FDBA2C93D83}"
EndProject
Project("{FAE04EC0-301F-11D3-BF4B-00C04F79EFBC}") = "Domain", "Domain\Domain.csproj", "{399D50FD-8212-4010-9490-760633419D41}"
EndProject
Project("{FAE04EC0-301F-11D3-BF4B-00C04F79EFBC}") = "Infrastructure", "Infrastructure\Infrastructure.csproj", "{5E5FBA17-3A23-4D0D-8011-0B7787BE9C4E}"
EndProject
Global
	GlobalSection(SolutionConfigurationPlatforms) = preSolution
		Debug|Any CPU = Debug|Any CPU
		Debug|x64 = Debug|x64
		Debug|x86 = Debug|x86
		Release|Any CPU = Release|Any CPU
		Release|x64 = Release|x64
		Release|x86 = Release|x86
	EndGlobalSection
	GlobalSection(SolutionProperties) = preSolution
		HideSolutionNode = FALSE
	EndGlobalSection
	GlobalSection(ProjectConfigurationPlatforms) = postSolution
		{E8F629DB-43A3-4233-9F6F-050700A0246B}.Debug|Any CPU.ActiveCfg = Debug|Any CPU
		{E8F629DB-43A3-4233-9F6F-050700A0246B}.Debug|Any CPU.Build.0 = Debug|Any CPU
		{E8F629DB-43A3-4233-9F6F-050700A0246B}.Debug|x64.ActiveCfg = Debug|Any CPU
		{E8F629DB-43A3-4233-9F6F-050700A0246B}.Debug|x64.Build.0 = Debug|Any CPU
		{E8F629DB-43A3-4233-9F6F-050700A0246B}.Debug|x86.ActiveCfg = Debug|Any CPU
		{E8F629DB-43A3-4233-9F6F-050700A0246B}.Debug|x86.Build.0 = Debug|Any CPU
		{E8F629DB-43A3-4233-9F6F-050700A0246B}.Release|Any CPU.ActiveCfg = Release|Any CPU
		{E8F629DB-43A3-4233-9F6F-050700A0246B}.Release|Any CPU.Build.0 = Release|Any CPU
		{E8F629DB-43A3-4233-9F6F-050700A0246B}.Release|x64.ActiveCfg = Release|Any CPU
		{E8F629DB-43A3-4233-9F6F-050700A0246B}.Release|x64.Build.0 = Release|Any CPU
		{E8F629DB-43A3-4233-9F6F-050700A0246B}.Release|x86.ActiveCfg = Release|Any CPU
		{E8F629DB-43A3-4233-9F6F-050700A0246B}.Release|x86.Build.0 = Release|Any CPU
		{B9153E7A-020B-46D7-99CB-3FDBA2C93D83}.Debug|Any CPU.ActiveCfg = Debug|Any CPU
		{B9153E7A-020B-46D7-99CB-3FDBA2C93D83}.Debug|Any CPU.Build.0 = Debug|Any CPU
		{B9153E7A-020B-46D7-99CB-3FDBA2C93D83}.Debug|x64.ActiveCfg = Debug|Any CPU
		{B9153E7A-020B-46D7-99CB-3FDBA2C93D83}.Debug|x64.Build.0 = Debug|Any CPU
		{B9153E7A-020B-46D7-99CB-3FDBA2C93D83}.Debug|x86.ActiveCfg = Debug|Any CPU
		{B9153E7A-020B-46D7-99CB-3FDBA2C93D83}.Debug|x86.Build.0 = Debug|Any CPU
		{B9153E7A-020B-46D7-99CB-3FDBA2C93D83}.Release|Any CPU.ActiveCfg = Release|Any CPU
		{B9153E7A-020B-46D7-99CB-3FDBA2C93D83}.Release|Any CPU.Build.0 = Release|Any CPU
		{B9153E7A-020B-46D7-99CB-3FDBA2C93D83}.Release|x64.ActiveCfg = Release|Any CPU
		{B9153E7A-020B-46D7-99CB-3FDBA2C93D83}.Release|x64.Build.0 = Release|Any CPU
		{B9153E7A-020B-46D7-99CB-3FDBA2C93D83}.Release|x86.ActiveCfg = Release|Any CPU
		{B9153E7A-020B-46D7-99CB-3FDBA2C93D83}.Release|x86.Build.0 = Release|Any CPU
		{399D50FD-8212-4010-9490-760633419D41}.Debug|Any CPU.ActiveCfg = Debug|Any CPU
		{399D50FD-8212-4010-9490-760633419D41}.Debug|Any CPU.Build.0 = Debug|Any CPU
		{399D50FD-8212-4010-9490-760633419D41}.Debug|x64.ActiveCfg = Debug|Any CPU
		{399D50FD-8212-4010-9490-760633419D41}.Debug|x64.Build.0 = Debug|Any CPU
		{399D50FD-8212-4010-9490-760633419D41}.Debug|x86.ActiveCfg = Debug|Any CPU
		{399D50FD-8212-4010-9490-760633419D41}.Debug|x86.Build.0 = Debug|Any CPU
		{399D50FD-8212-4010-9490-760633419D41}.Release|Any CPU.ActiveCfg = Release|Any CPU
		{399D50FD-8212-4010-9490-760633419D41}.Release|Any CPU.Build.0 = Release|Any CPU
		{399D50FD-8212-4010-9490-760633419D41}.Release|x64.ActiveCfg = Release|Any CPU
		{399D50FD-8212-4010-9490-760633419D41}.Release|x64.Build.0 = Release|Any CPU
		{399D50FD-8212-4010-9490-760633419D41}.Release|x86.ActiveCfg = Release|Any CPU
		{399D50FD-8212-4010-9490-760633419D41}.Release|x86.Build.0 = Release|Any CPU
		{5E5FBA17-3A23-4D0D-8011-0B7787BE9C4E}.Debug|Any CPU.ActiveCfg = Debug|Any CPU
		{5E5FBA17-3A23-4D0D-8011-0B7787BE9C4E}.Debug|Any CPU.Build.0 = Debug|Any CPU
		{5E5FBA17-3A23-4D0D-8011-0B7787BE9C4E}.Debug|x64.ActiveCfg = Debug|Any CPU
		{5E5FBA17-3A23-4D0D-8011-0B7787BE9C4E}.Debug|x64.Build.0 = Debug|Any CPU
		{5E5FBA17-3A23-4D0D-8011-0B7787BE9C4E}.Debug|x86.ActiveCfg = Debug|Any CPU
		{5E5FBA17-3A23-4D0D-8011-0B7787BE9C4E}.Debug|x86.Build.0 = Debug|Any CPU
		{5E5FBA17-3A23-4D0D-8011-0B7787BE9C4E}.Release|Any CPU.ActiveCfg = Release|Any CPU
		{5E5FBA17-3A23-4D0D-8011-0B7787BE9C4E}.Release|Any CPU.Build.0 = Release|Any CPU
		{5E5FBA17-3A23-4D0D-8011-0B7787BE9C4E}.Release|x64.ActiveCfg = Release|Any CPU
		{5E5FBA17-3A23-4D0D-8011-0B7787BE9C4E}.Release|x64.Build.0 = Release|Any CPU
		{5E5FBA17-3A23-4D0D-8011-0B7787BE9C4E}.Release|x86.ActiveCfg = Release|Any CPU
		{5E5FBA17-3A23-4D0D-8011-0B7787BE9C4E}.Release|x86.Build.0 = Release|Any CPU
	EndGlobalSection
EndGlobal
